
Microsoft Visual Studio Solution File, Format Version 12.00
# Visual Studio 14
VisualStudioVersion = 14.0.25123.0
MinimumVisualStudioVersion = 10.0.40219.1
Project("{2150E333-8FDC-42A3-9474-1A3956D46DE8}") = "src", "src", "{7295F73A-9923-42AF-865E-98546BEBC1E9}"
EndProject
Project("{2150E333-8FDC-42A3-9474-1A3956D46DE8}") = "Solution Items", "Solution Items", "{CB94A94B-9E58-462B-B0F9-2F3EEC36EC3A}"
	ProjectSection(SolutionItems) = preProject
		global.json = global.json
	EndProjectSection
EndProject
Project("{8BB2217D-0F2D-49D1-97BC-3654ED321F3B}") = "AgilityLog.Presentation", "src\AgilityLog.Presentation\AgilityLog.Presentation.xproj", "{B11E7B6A-374B-4620-86C9-658C0D88755A}"
EndProject
Project("{8BB2217D-0F2D-49D1-97BC-3654ED321F3B}") = "AgilityLog.ServiceLayer", "src\AgilityLog.ServiceLayer\AgilityLog.ServiceLayer.xproj", "{4897B971-48BC-4AF5-98F3-1C7C22333FEA}"
EndProject
Project("{2150E333-8FDC-42A3-9474-1A3956D46DE8}") = "Presentation", "Presentation", "{D3FCEC79-63A4-49FB-AA11-ABACC027BCD8}"
EndProject
Project("{2150E333-8FDC-42A3-9474-1A3956D46DE8}") = "ServiceLayer", "ServiceLayer", "{9372D602-7846-4ED1-A4E6-720163680AD2}"
EndProject
Project("{2150E333-8FDC-42A3-9474-1A3956D46DE8}") = "DataAccess", "DataAccess", "{E619DADD-58F7-491B-828B-C54221FD7151}"
EndProject
Project("{8BB2217D-0F2D-49D1-97BC-3654ED321F3B}") = "AgilityLog.DataAccess.EntityRepository", "src\AgilityLog.DataAccess.EntityRepository\AgilityLog.DataAccess.EntityRepository.xproj", "{53CE0E83-4987-43E1-B696-BA326543E8E1}"
EndProject
Project("{8BB2217D-0F2D-49D1-97BC-3654ED321F3B}") = "AgilityLog.DataAccess", "src\AgilityLog.DataAccess\AgilityLog.DataAccess.xproj", "{EDED4F8B-D8B1-4052-9A6A-09D0256C85E7}"
EndProject
Project("{8BB2217D-0F2D-49D1-97BC-3654ED321F3B}") = "AgilityLog.ServiceLayer.Models", "src\AgilityLog.ServiceLayer.Models\AgilityLog.ServiceLayer.Models.xproj", "{76D25DA8-A0E9-4C9C-85C4-4E9C013A63DD}"
EndProject
Project("{8BB2217D-0F2D-49D1-97BC-3654ED321F3B}") = "AgilityLog.DataAccess.Entities", "src\AgilityLog.DataAccess.Entities\AgilityLog.DataAccess.Entities.xproj", "{7637F08C-1060-4A86-AFF9-695AE0331D6E}"
EndProject
Project("{2150E333-8FDC-42A3-9474-1A3956D46DE8}") = "Tests", "Tests", "{FCA4438C-552B-4A93-A22E-F183767BA51A}"
EndProject
Project("{8BB2217D-0F2D-49D1-97BC-3654ED321F3B}") = "AgilityLog.DataAccess.UnitTests", "tests\AgilityLog.DataAccess.UnitTests\AgilityLog.DataAccess.UnitTests.xproj", "{8E603625-DF6C-4267-8C50-20C6A6168AAD}"
EndProject
Global
	GlobalSection(SolutionConfigurationPlatforms) = preSolution
		Debug|Any CPU = Debug|Any CPU
		Release|Any CPU = Release|Any CPU
	EndGlobalSection
	GlobalSection(ProjectConfigurationPlatforms) = postSolution
		{B11E7B6A-374B-4620-86C9-658C0D88755A}.Debug|Any CPU.ActiveCfg = Debug|Any CPU
		{B11E7B6A-374B-4620-86C9-658C0D88755A}.Debug|Any CPU.Build.0 = Debug|Any CPU
		{B11E7B6A-374B-4620-86C9-658C0D88755A}.Release|Any CPU.ActiveCfg = Release|Any CPU
		{B11E7B6A-374B-4620-86C9-658C0D88755A}.Release|Any CPU.Build.0 = Release|Any CPU
		{4897B971-48BC-4AF5-98F3-1C7C22333FEA}.Debug|Any CPU.ActiveCfg = Debug|Any CPU
		{4897B971-48BC-4AF5-98F3-1C7C22333FEA}.Debug|Any CPU.Build.0 = Debug|Any CPU
		{4897B971-48BC-4AF5-98F3-1C7C22333FEA}.Release|Any CPU.ActiveCfg = Release|Any CPU
		{4897B971-48BC-4AF5-98F3-1C7C22333FEA}.Release|Any CPU.Build.0 = Release|Any CPU
		{53CE0E83-4987-43E1-B696-BA326543E8E1}.Debug|Any CPU.ActiveCfg = Debug|Any CPU
		{53CE0E83-4987-43E1-B696-BA326543E8E1}.Debug|Any CPU.Build.0 = Debug|Any CPU
		{53CE0E83-4987-43E1-B696-BA326543E8E1}.Release|Any CPU.ActiveCfg = Release|Any CPU
		{53CE0E83-4987-43E1-B696-BA326543E8E1}.Release|Any CPU.Build.0 = Release|Any CPU
		{EDED4F8B-D8B1-4052-9A6A-09D0256C85E7}.Debug|Any CPU.ActiveCfg = Debug|Any CPU
		{EDED4F8B-D8B1-4052-9A6A-09D0256C85E7}.Debug|Any CPU.Build.0 = Debug|Any CPU
		{EDED4F8B-D8B1-4052-9A6A-09D0256C85E7}.Release|Any CPU.ActiveCfg = Release|Any CPU
		{EDED4F8B-D8B1-4052-9A6A-09D0256C85E7}.Release|Any CPU.Build.0 = Release|Any CPU
		{76D25DA8-A0E9-4C9C-85C4-4E9C013A63DD}.Debug|Any CPU.ActiveCfg = Debug|Any CPU
		{76D25DA8-A0E9-4C9C-85C4-4E9C013A63DD}.Debug|Any CPU.Build.0 = Debug|Any CPU
		{76D25DA8-A0E9-4C9C-85C4-4E9C013A63DD}.Release|Any CPU.ActiveCfg = Release|Any CPU
		{76D25DA8-A0E9-4C9C-85C4-4E9C013A63DD}.Release|Any CPU.Build.0 = Release|Any CPU
		{7637F08C-1060-4A86-AFF9-695AE0331D6E}.Debug|Any CPU.ActiveCfg = Debug|Any CPU
		{7637F08C-1060-4A86-AFF9-695AE0331D6E}.Debug|Any CPU.Build.0 = Debug|Any CPU
		{7637F08C-1060-4A86-AFF9-695AE0331D6E}.Release|Any CPU.ActiveCfg = Release|Any CPU
		{7637F08C-1060-4A86-AFF9-695AE0331D6E}.Release|Any CPU.Build.0 = Release|Any CPU
		{8E603625-DF6C-4267-8C50-20C6A6168AAD}.Debug|Any CPU.ActiveCfg = Debug|Any CPU
		{8E603625-DF6C-4267-8C50-20C6A6168AAD}.Debug|Any CPU.Build.0 = Debug|Any CPU
		{8E603625-DF6C-4267-8C50-20C6A6168AAD}.Release|Any CPU.ActiveCfg = Release|Any CPU
		{8E603625-DF6C-4267-8C50-20C6A6168AAD}.Release|Any CPU.Build.0 = Release|Any CPU
	EndGlobalSection
	GlobalSection(SolutionProperties) = preSolution
		HideSolutionNode = FALSE
	EndGlobalSection
	GlobalSection(NestedProjects) = preSolution
		{B11E7B6A-374B-4620-86C9-658C0D88755A} = {D3FCEC79-63A4-49FB-AA11-ABACC027BCD8}
		{4897B971-48BC-4AF5-98F3-1C7C22333FEA} = {9372D602-7846-4ED1-A4E6-720163680AD2}
		{D3FCEC79-63A4-49FB-AA11-ABACC027BCD8} = {7295F73A-9923-42AF-865E-98546BEBC1E9}
		{9372D602-7846-4ED1-A4E6-720163680AD2} = {7295F73A-9923-42AF-865E-98546BEBC1E9}
		{E619DADD-58F7-491B-828B-C54221FD7151} = {7295F73A-9923-42AF-865E-98546BEBC1E9}
		{53CE0E83-4987-43E1-B696-BA326543E8E1} = {E619DADD-58F7-491B-828B-C54221FD7151}
		{EDED4F8B-D8B1-4052-9A6A-09D0256C85E7} = {E619DADD-58F7-491B-828B-C54221FD7151}
		{76D25DA8-A0E9-4C9C-85C4-4E9C013A63DD} = {9372D602-7846-4ED1-A4E6-720163680AD2}
		{7637F08C-1060-4A86-AFF9-695AE0331D6E} = {E619DADD-58F7-491B-828B-C54221FD7151}
		{FCA4438C-552B-4A93-A22E-F183767BA51A} = {7295F73A-9923-42AF-865E-98546BEBC1E9}
		{8E603625-DF6C-4267-8C50-20C6A6168AAD} = {FCA4438C-552B-4A93-A22E-F183767BA51A}
	EndGlobalSection
EndGlobal
